{
  "name": "quickcodegeneration",
  "version": "1.0.0",
  "lockfileVersion": 1,
  "requires": true,
  "dependencies": {
    "markdown-tables-to-json": {
      "version": "0.1.4",
      "resolved": "https://registry.npmjs.org/markdown-tables-to-json/-/markdown-tables-to-json-0.1.4.tgz",
      "integrity": "sha512-cxNADKU0S6BN1bgy31dNJqaRQq1yZkt/RXUHV/3mmVfrN3I3Kjm9FaFR5rQ6ZkKesQDCLwE4IPYFcNGKHx0CjQ==",
      "requires": {
        "marked-ts": "^1.0.0-beta.4"
      }
    },
    "marked": {
      "version": "1.2.0",
      "resolved": "https://registry.npmjs.org/marked/-/marked-1.2.0.tgz",
      "integrity": "sha512-tiRxakgbNPBr301ihe/785NntvYyhxlqcL3YaC8CaxJQh7kiaEtrN9B/eK2I2943Yjkh5gw25chYFDQhOMCwMA=="
    },
    "marked-ts": {
      "version": "1.0.0-beta.5",
      "resolved": "https://registry.npmjs.org/marked-ts/-/marked-ts-1.0.0-beta.5.tgz",
      "integrity": "sha512-XzolFEmLus3KQcXKgb1ARt4iCkScB+saAu6OHxIQhk1Hrypxskk7WEQw8/cjPijnWGISM0G+SmpGa3FmOFDgDg==",
      "requires": {
        "typescript": "^2.6.2"
      }
    },
    "typescript": {
      "version": "2.9.2",
      "resolved": "https://registry.npmjs.org/typescript/-/typescript-2.9.2.tgz",
      "integrity": "sha512-Gr4p6nFNaoufRIY4NMdpQRNmgxVIGMs4Fcu/ujdYk3nAZqk7supzBE9idmvfZIlH/Cuj//dvi+019qEue9lV0w==",
      "optional": true
    },
    "vue": {
      "version": "2.6.12",
      "resolved": "https://registry.npmjs.org/vue/-/vue-2.6.12.tgz",
      "integrity": "sha512-uhmLFETqPPNyuLLbsKz6ioJ4q7AZHzD8ZVFNATNyICSZouqP2Sz0rotWQC8UNBF6VGSCs5abnKJoStA6JbCbfg=="
    }
  }
}
